
Microsoft Visual Studio Solution File, Format Version 12.00
# Visual Studio Version 16
VisualStudioVersion = 16.0.29920.165
MinimumVisualStudioVersion = 10.0.40219.1
Project("{FAE04EC0-301F-11D3-BF4B-00C04F79EFBC}") = "CourseLibrary.API", "CourseLibrary.API\CourseLibrary.API.csproj", "{746392F7-0148-4321-9F5B-9D9F6D7AE1F7}"
EndProject
Global
	GlobalSection(SolutionConfigurationPlatforms) = preSolution
		Debug|Any CPU = Debug|Any CPU
		Release|Any CPU = Release|Any CPU
	EndGlobalSection
	GlobalSection(ProjectConfigurationPlatforms) = postSolution
		{746392F7-0148-4321-9F5B-9D9F6D7AE1F7}.Debug|Any CPU.ActiveCfg = Debug|Any CPU
		{746392F7-0148-4321-9F5B-9D9F6D7AE1F7}.Debug|Any CPU.Build.0 = Debug|Any CPU
		{746392F7-0148-4321-9F5B-9D9F6D7AE1F7}.Release|Any CPU.ActiveCfg = Release|Any CPU
		{746392F7-0148-4321-9F5B-9D9F6D7AE1F7}.Release|Any CPU.Build.0 = Release|Any CPU
	EndGlobalSection
	GlobalSection(SolutionProperties) = preSolution
		HideSolutionNode = FALSE
	EndGlobalSection
	GlobalSection(ExtensibilityGlobals) = postSolution
		SolutionGuid = {40A0A1B2-FD3B-40D3-BCCA-60E2AF03F61B}
	EndGlobalSection
EndGlobal
